
Microsoft Visual Studio Solution File, Format Version 12.00
# Visual Studio Version 16
VisualStudioVersion = 16.0.31321.278
MinimumVisualStudioVersion = 10.0.40219.1
Project("{FAE04EC0-301F-11D3-BF4B-00C04F79EFBC}") = "dakal mokhberati", "dakal mokhberati\dakal mokhberati.csproj", "{2FBA98E3-9A83-48B4-B093-7C2CF58C18F7}"
EndProject
Global
	GlobalSection(SolutionConfigurationPlatforms) = preSolution
		Debug|Any CPU = Debug|Any CPU
		Release|Any CPU = Release|Any CPU
	EndGlobalSection
	GlobalSection(ProjectConfigurationPlatforms) = postSolution
		{2FBA98E3-9A83-48B4-B093-7C2CF58C18F7}.Debug|Any CPU.ActiveCfg = Debug|Any CPU
		{2FBA98E3-9A83-48B4-B093-7C2CF58C18F7}.Debug|Any CPU.Build.0 = Debug|Any CPU
		{2FBA98E3-9A83-48B4-B093-7C2CF58C18F7}.Release|Any CPU.ActiveCfg = Release|Any CPU
		{2FBA98E3-9A83-48B4-B093-7C2CF58C18F7}.Release|Any CPU.Build.0 = Release|Any CPU
	EndGlobalSection
	GlobalSection(SolutionProperties) = preSolution
		HideSolutionNode = FALSE
	EndGlobalSection
	GlobalSection(ExtensibilityGlobals) = postSolution
		SolutionGuid = {27A1590B-0D2F-4891-9CFF-640DCCFB3BE3}
	EndGlobalSection
EndGlobal
